PODS:
  - DGActivityIndicatorView (2.0)
  - GoogleAPIClient/Core (1.0.4):
    - GTMSessionFetcher (~> 1.1)
  - GoogleAPIClient/Drive (1.0.4):
    - GoogleAPIClient/Core
    - GTMSessionFetcher (~> 1.1)
  - GoogleAPIClient/YouTube (1.0.4):
    - GoogleAPIClient/Core
    - GTMSessionFetcher (~> 1.1)
  - GTMSessionFetcher (1.1.4):
    - GTMSessionFetcher/Full (= 1.1.4)
  - GTMSessionFetcher/Core (1.1.4)
  - GTMSessionFetcher/Full (1.1.4):
    - GTMSessionFetcher/Core (= 1.1.4)
  - MMDrawerController (0.5.7):
    - MMDrawerController/Core (= 0.5.7)
    - MMDrawerController/MMDrawerBarButtonItem (= 0.5.7)
    - MMDrawerController/MMDrawerVisualStates (= 0.5.7)
    - MMDrawerController/Subclass (= 0.5.7)
  - MMDrawerController/Core (0.5.7)
  - MMDrawerController/MMDrawerBarButtonItem (0.5.7):
    - MMDrawerController/Core
  - MMDrawerController/MMDrawerVisualStates (0.5.7):
    - MMDrawerController/Core
  - MMDrawerController/Subclass (0.5.7):
    - MMDrawerController/Core
  - NSDate+TimeAgo (1.0.6)
  - youtube-ios-player-helper (0.1.5)

DEPENDENCIES:
  - DGActivityIndicatorView
  - GoogleAPIClient/Drive
  - GoogleAPIClient/YouTube
  - MMDrawerController (~> 0.5.7)
  - NSDate+TimeAgo
  - youtube-ios-player-helper (= 0.1.5)

SPEC CHECKSUMS:
  DGActivityIndicatorView: 52875b025a6ccf6a431a905285c12e2bb95eb559
  GoogleAPIClient: 4dedb6af613eb7d171814c343f8a82ee5411e13b
  GTMSessionFetcher: 174bc61d5238f81f9ddb807b0b0170420f67de85
  MMDrawerController: 7a4cf8e25596bf2434e03ce50d22a8608ddee6a1
  NSDate+TimeAgo: 35601c619b2d59290055e4fe76e61d97677a2360
  youtube-ios-player-helper: 8706bb155ffee74fbe5f2f5cf41c2dafe60dc155

PODFILE CHECKSUM: 5f5aaac2ad6cc9707640a58e1587467c440d8776

COCOAPODS: 1.0.0
